
Microsoft Visual Studio Solution File, Format Version 12.00
# Visual Studio Version 17
VisualStudioVersion = 17.2.32526.322
MinimumVisualStudioVersion = 10.0.40219.1
Project("{FAE04EC0-301F-11D3-BF4B-00C04F79EFBC}") = "ReverseStringConsoleApp", "ReverseStringConsoleApp\ReverseStringConsoleApp.csproj", "{ADA80901-DED7-4E4A-A620-0AA1D88F28DF}"
EndProject
Global
	GlobalSection(SolutionConfigurationPlatforms) = preSolution
		Debug|Any CPU = Debug|Any CPU
		Release|Any CPU = Release|Any CPU
	EndGlobalSection
	GlobalSection(ProjectConfigurationPlatforms) = postSolution
		{ADA80901-DED7-4E4A-A620-0AA1D88F28DF}.Debug|Any CPU.ActiveCfg = Debug|Any CPU
		{ADA80901-DED7-4E4A-A620-0AA1D88F28DF}.Debug|Any CPU.Build.0 = Debug|Any CPU
		{ADA80901-DED7-4E4A-A620-0AA1D88F28DF}.Release|Any CPU.ActiveCfg = Release|Any CPU
		{ADA80901-DED7-4E4A-A620-0AA1D88F28DF}.Release|Any CPU.Build.0 = Release|Any CPU
	EndGlobalSection
	GlobalSection(SolutionProperties) = preSolution
		HideSolutionNode = FALSE
	EndGlobalSection
	GlobalSection(ExtensibilityGlobals) = postSolution
		SolutionGuid = {F4ADC944-2085-4CCA-B0BA-65B97F937DA2}
	EndGlobalSection
EndGlobal
